{
  "object": {
    "pins": [
      {
        "package": "CocoaAsyncSocket",
        "repositoryURL": "https://github.com/robbiehanson/CocoaAsyncSocket.git",
        "state": {
          "branch": null,
          "revision": "dbdc00669c1ced63b27c3c5f052ee4d28f10150c",
          "version": "7.6.5"
        }
      },
      {
        "package": "JKVValue",
        "repositoryURL": "https://github.com/renewedvision/JKVValue",
        "state": {
          "branch": "master",
          "revision": "e19b22496ebf51aa316b239ed48e782ce5e232da",
          "version": null
        }
      }
    ]
  },
  "version": 1
}
